
Microsoft Visual Studio Solution File, Format Version 12.00
# Visual Studio Version 16
VisualStudioVersion = 16.0.31410.357
MinimumVisualStudioVersion = 10.0.40219.1
Project("{FAE04EC0-301F-11D3-BF4B-00C04F79EFBC}") = "Tarea04_8", "Tarea04_8\Tarea04_8.csproj", "{40609BA5-2044-4EAA-A3A5-043B84F0D754}"
EndProject
Global
	GlobalSection(SolutionConfigurationPlatforms) = preSolution
		Debug|Any CPU = Debug|Any CPU
		Release|Any CPU = Release|Any CPU
	EndGlobalSection
	GlobalSection(ProjectConfigurationPlatforms) = postSolution
		{40609BA5-2044-4EAA-A3A5-043B84F0D754}.Debug|Any CPU.ActiveCfg = Debug|Any CPU
		{40609BA5-2044-4EAA-A3A5-043B84F0D754}.Debug|Any CPU.Build.0 = Debug|Any CPU
		{40609BA5-2044-4EAA-A3A5-043B84F0D754}.Release|Any CPU.ActiveCfg = Release|Any CPU
		{40609BA5-2044-4EAA-A3A5-043B84F0D754}.Release|Any CPU.Build.0 = Release|Any CPU
	EndGlobalSection
	GlobalSection(SolutionProperties) = preSolution
		HideSolutionNode = FALSE
	EndGlobalSection
	GlobalSection(ExtensibilityGlobals) = postSolution
		SolutionGuid = {916B9088-93FE-4957-BC5E-593CEAAE71E0}
	EndGlobalSection
EndGlobal
